
Microsoft Visual Studio Solution File, Format Version 12.00
# Visual Studio Version 16
VisualStudioVersion = 16.0.30406.217
MinimumVisualStudioVersion = 10.0.40219.1
Project("{8BC9CEB8-8B4A-11D0-8D11-00A0C91BC942}") = "HV3DDUALITY", "HV3DDUALITY.vcxproj", "{11FA6E12-D2D3-4995-A4F9-A12348064153}"
EndProject
Project("{8BC9CEB8-8B4A-11D0-8D11-00A0C91BC942}") = "HV3DMYSQLSTD", "..\HV3DMYSQLSTD\HV3DMYSQLSTD.vcxproj", "{6CC69A72-0DCA-4F78-96B0-C7AF0231AD8C}"
EndProject
Project("{8BC9CEB8-8B4A-11D0-8D11-00A0C91BC942}") = "HV3DMPU", "..\HV3DMPU\HV3DMPU.vcxproj", "{5D223338-D7CC-4604-8E10-BE4CBB311014}"
EndProject
Project("{8BC9CEB8-8B4A-11D0-8D11-00A0C91BC942}") = "HV3DMRPCM", "..\HV3DMRPCM\HV3DMRPCM.vcxproj", "{A36EC5D3-18D2-45A6-B393-2878E05CE682}"
EndProject
Project("{8BC9CEB8-8B4A-11D0-8D11-00A0C91BC942}") = "HV3DPERIGRINE", "..\HV3DPERIGRINE\HV3DPERIGRINE.vcxproj", "{B8A785B9-8DD3-4147-B932-6E618CCDE1B3}"
EndProject
Global
	GlobalSection(SolutionConfigurationPlatforms) = preSolution
		Debug|ARM = Debug|ARM
		Debug|ARM64 = Debug|ARM64
		Debug|x64 = Debug|x64
		Debug|x86 = Debug|x86
		Release|ARM = Release|ARM
		Release|ARM64 = Release|ARM64
		Release|x64 = Release|x64
		Release|x86 = Release|x86
	EndGlobalSection
	GlobalSection(ProjectConfigurationPlatforms) = postSolution
		{11FA6E12-D2D3-4995-A4F9-A12348064153}.Debug|ARM.ActiveCfg = Debug|ARM
		{11FA6E12-D2D3-4995-A4F9-A12348064153}.Debug|ARM.Build.0 = Debug|ARM
		{11FA6E12-D2D3-4995-A4F9-A12348064153}.Debug|ARM.Deploy.0 = Debug|ARM
		{11FA6E12-D2D3-4995-A4F9-A12348064153}.Debug|ARM64.ActiveCfg = Debug|ARM64
		{11FA6E12-D2D3-4995-A4F9-A12348064153}.Debug|ARM64.Build.0 = Debug|ARM64
		{11FA6E12-D2D3-4995-A4F9-A12348064153}.Debug|ARM64.Deploy.0 = Debug|ARM64
		{11FA6E12-D2D3-4995-A4F9-A12348064153}.Debug|x64.ActiveCfg = Debug|x64
		{11FA6E12-D2D3-4995-A4F9-A12348064153}.Debug|x64.Build.0 = Debug|x64
		{11FA6E12-D2D3-4995-A4F9-A12348064153}.Debug|x64.Deploy.0 = Debug|x64
		{11FA6E12-D2D3-4995-A4F9-A12348064153}.Debug|x86.ActiveCfg = Debug|Win32
		{11FA6E12-D2D3-4995-A4F9-A12348064153}.Debug|x86.Build.0 = Debug|Win32
		{11FA6E12-D2D3-4995-A4F9-A12348064153}.Debug|x86.Deploy.0 = Debug|Win32
		{11FA6E12-D2D3-4995-A4F9-A12348064153}.Release|ARM.ActiveCfg = Release|ARM
		{11FA6E12-D2D3-4995-A4F9-A12348064153}.Release|ARM.Build.0 = Release|ARM
		{11FA6E12-D2D3-4995-A4F9-A12348064153}.Release|ARM.Deploy.0 = Release|ARM
		{11FA6E12-D2D3-4995-A4F9-A12348064153}.Release|ARM64.ActiveCfg = Release|ARM64
		{11FA6E12-D2D3-4995-A4F9-A12348064153}.Release|ARM64.Build.0 = Release|ARM64
		{11FA6E12-D2D3-4995-A4F9-A12348064153}.Release|ARM64.Deploy.0 = Release|ARM64
		{11FA6E12-D2D3-4995-A4F9-A12348064153}.Release|x64.ActiveCfg = Release|x64
		{11FA6E12-D2D3-4995-A4F9-A12348064153}.Release|x64.Build.0 = Release|x64
		{11FA6E12-D2D3-4995-A4F9-A12348064153}.Release|x64.Deploy.0 = Release|x64
		{11FA6E12-D2D3-4995-A4F9-A12348064153}.Release|x86.ActiveCfg = Release|Win32
		{11FA6E12-D2D3-4995-A4F9-A12348064153}.Release|x86.Build.0 = Release|Win32
		{11FA6E12-D2D3-4995-A4F9-A12348064153}.Release|x86.Deploy.0 = Release|Win32
		{6CC69A72-0DCA-4F78-96B0-C7AF0231AD8C}.Debug|ARM.ActiveCfg = Debug|ARM
		{6CC69A72-0DCA-4F78-96B0-C7AF0231AD8C}.Debug|ARM.Build.0 = Debug|ARM
		{6CC69A72-0DCA-4F78-96B0-C7AF0231AD8C}.Debug|ARM.Deploy.0 = Debug|ARM
		{6CC69A72-0DCA-4F78-96B0-C7AF0231AD8C}.Debug|ARM64.ActiveCfg = Debug|ARM64
		{6CC69A72-0DCA-4F78-96B0-C7AF0231AD8C}.Debug|ARM64.Build.0 = Debug|ARM64
		{6CC69A72-0DCA-4F78-96B0-C7AF0231AD8C}.Debug|ARM64.Deploy.0 = Debug|ARM64
		{6CC69A72-0DCA-4F78-96B0-C7AF0231AD8C}.Debug|x64.ActiveCfg = Debug|x64
		{6CC69A72-0DCA-4F78-96B0-C7AF0231AD8C}.Debug|x64.Build.0 = Debug|x64
		{6CC69A72-0DCA-4F78-96B0-C7AF0231AD8C}.Debug|x64.Deploy.0 = Debug|x64
		{6CC69A72-0DCA-4F78-96B0-C7AF0231AD8C}.Debug|x86.ActiveCfg = Debug|Win32
		{6CC69A72-0DCA-4F78-96B0-C7AF0231AD8C}.Debug|x86.Build.0 = Debug|Win32
		{6CC69A72-0DCA-4F78-96B0-C7AF0231AD8C}.Debug|x86.Deploy.0 = Debug|Win32
		{6CC69A72-0DCA-4F78-96B0-C7AF0231AD8C}.Release|ARM.ActiveCfg = Release|ARM
		{6CC69A72-0DCA-4F78-96B0-C7AF0231AD8C}.Release|ARM.Build.0 = Release|ARM
		{6CC69A72-0DCA-4F78-96B0-C7AF0231AD8C}.Release|ARM.Deploy.0 = Release|ARM
		{6CC69A72-0DCA-4F78-96B0-C7AF0231AD8C}.Release|ARM64.ActiveCfg = Release|ARM64
		{6CC69A72-0DCA-4F78-96B0-C7AF0231AD8C}.Release|ARM64.Build.0 = Release|ARM64
		{6CC69A72-0DCA-4F78-96B0-C7AF0231AD8C}.Release|ARM64.Deploy.0 = Release|ARM64
		{6CC69A72-0DCA-4F78-96B0-C7AF0231AD8C}.Release|x64.ActiveCfg = Release|x64
		{6CC69A72-0DCA-4F78-96B0-C7AF0231AD8C}.Release|x64.Build.0 = Release|x64
		{6CC69A72-0DCA-4F78-96B0-C7AF0231AD8C}.Release|x64.Deploy.0 = Release|x64
		{6CC69A72-0DCA-4F78-96B0-C7AF0231AD8C}.Release|x86.ActiveCfg = Release|Win32
		{6CC69A72-0DCA-4F78-96B0-C7AF0231AD8C}.Release|x86.Build.0 = Release|Win32
		{6CC69A72-0DCA-4F78-96B0-C7AF0231AD8C}.Release|x86.Deploy.0 = Release|Win32
		{5D223338-D7CC-4604-8E10-BE4CBB311014}.Debug|ARM.ActiveCfg = Debug|ARM
		{5D223338-D7CC-4604-8E10-BE4CBB311014}.Debug|ARM.Build.0 = Debug|ARM
		{5D223338-D7CC-4604-8E10-BE4CBB311014}.Debug|ARM.Deploy.0 = Debug|ARM
		{5D223338-D7CC-4604-8E10-BE4CBB311014}.Debug|ARM64.ActiveCfg = Debug|ARM64
		{5D223338-D7CC-4604-8E10-BE4CBB311014}.Debug|ARM64.Build.0 = Debug|ARM64
		{5D223338-D7CC-4604-8E10-BE4CBB311014}.Debug|ARM64.Deploy.0 = Debug|ARM64
		{5D223338-D7CC-4604-8E10-BE4CBB311014}.Debug|x64.ActiveCfg = Debug|x64
		{5D223338-D7CC-4604-8E10-BE4CBB311014}.Debug|x64.Build.0 = Debug|x64
		{5D223338-D7CC-4604-8E10-BE4CBB311014}.Debug|x64.Deploy.0 = Debug|x64
		{5D223338-D7CC-4604-8E10-BE4CBB311014}.Debug|x86.ActiveCfg = Debug|Win32
		{5D223338-D7CC-4604-8E10-BE4CBB311014}.Debug|x86.Build.0 = Debug|Win32
		{5D223338-D7CC-4604-8E10-BE4CBB311014}.Debug|x86.Deploy.0 = Debug|Win32
		{5D223338-D7CC-4604-8E10-BE4CBB311014}.Release|ARM.ActiveCfg = Release|ARM
		{5D223338-D7CC-4604-8E10-BE4CBB311014}.Release|ARM.Build.0 = Release|ARM
		{5D223338-D7CC-4604-8E10-BE4CBB311014}.Release|ARM.Deploy.0 = Release|ARM
		{5D223338-D7CC-4604-8E10-BE4CBB311014}.Release|ARM64.ActiveCfg = Release|ARM64
		{5D223338-D7CC-4604-8E10-BE4CBB311014}.Release|ARM64.Build.0 = Release|ARM64
		{5D223338-D7CC-4604-8E10-BE4CBB311014}.Release|ARM64.Deploy.0 = Release|ARM64
		{5D223338-D7CC-4604-8E10-BE4CBB311014}.Release|x64.ActiveCfg = Release|x64
		{5D223338-D7CC-4604-8E10-BE4CBB311014}.Release|x64.Build.0 = Release|x64
		{5D223338-D7CC-4604-8E10-BE4CBB311014}.Release|x64.Deploy.0 = Release|x64
		{5D223338-D7CC-4604-8E10-BE4CBB311014}.Release|x86.ActiveCfg = Release|Win32
		{5D223338-D7CC-4604-8E10-BE4CBB311014}.Release|x86.Build.0 = Release|Win32
		{5D223338-D7CC-4604-8E10-BE4CBB311014}.Release|x86.Deploy.0 = Release|Win32
		{A36EC5D3-18D2-45A6-B393-2878E05CE682}.Debug|ARM.ActiveCfg = Debug|ARM
		{A36EC5D3-18D2-45A6-B393-2878E05CE682}.Debug|ARM.Build.0 = Debug|ARM
		{A36EC5D3-18D2-45A6-B393-2878E05CE682}.Debug|ARM.Deploy.0 = Debug|ARM
		{A36EC5D3-18D2-45A6-B393-2878E05CE682}.Debug|ARM64.ActiveCfg = Debug|ARM64
		{A36EC5D3-18D2-45A6-B393-2878E05CE682}.Debug|ARM64.Build.0 = Debug|ARM64
		{A36EC5D3-18D2-45A6-B393-2878E05CE682}.Debug|ARM64.Deploy.0 = Debug|ARM64
		{A36EC5D3-18D2-45A6-B393-2878E05CE682}.Debug|x64.ActiveCfg = Debug|x64
		{A36EC5D3-18D2-45A6-B393-2878E05CE682}.Debug|x64.Build.0 = Debug|x64
		{A36EC5D3-18D2-45A6-B393-2878E05CE682}.Debug|x64.Deploy.0 = Debug|x64
		{A36EC5D3-18D2-45A6-B393-2878E05CE682}.Debug|x86.ActiveCfg = Debug|Win32
		{A36EC5D3-18D2-45A6-B393-2878E05CE682}.Debug|x86.Build.0 = Debug|Win32
		{A36EC5D3-18D2-45A6-B393-2878E05CE682}.Debug|x86.Deploy.0 = Debug|Win32
		{A36EC5D3-18D2-45A6-B393-2878E05CE682}.Release|ARM.ActiveCfg = Release|ARM
		{A36EC5D3-18D2-45A6-B393-2878E05CE682}.Release|ARM.Build.0 = Release|ARM
		{A36EC5D3-18D2-45A6-B393-2878E05CE682}.Release|ARM.Deploy.0 = Release|ARM
		{A36EC5D3-18D2-45A6-B393-2878E05CE682}.Release|ARM64.ActiveCfg = Release|ARM64
		{A36EC5D3-18D2-45A6-B393-2878E05CE682}.Release|ARM64.Build.0 = Release|ARM64
		{A36EC5D3-18D2-45A6-B393-2878E05CE682}.Release|ARM64.Deploy.0 = Release|ARM64
		{A36EC5D3-18D2-45A6-B393-2878E05CE682}.Release|x64.ActiveCfg = Release|x64
		{A36EC5D3-18D2-45A6-B393-2878E05CE682}.Release|x64.Build.0 = Release|x64
		{A36EC5D3-18D2-45A6-B393-2878E05CE682}.Release|x64.Deploy.0 = Release|x64
		{A36EC5D3-18D2-45A6-B393-2878E05CE682}.Release|x86.ActiveCfg = Release|Win32
		{A36EC5D3-18D2-45A6-B393-2878E05CE682}.Release|x86.Build.0 = Release|Win32
		{A36EC5D3-18D2-45A6-B393-2878E05CE682}.Release|x86.Deploy.0 = Release|Win32
		{B8A785B9-8DD3-4147-B932-6E618CCDE1B3}.Debug|ARM.ActiveCfg = Debug|ARM
		{B8A785B9-8DD3-4147-B932-6E618CCDE1B3}.Debug|ARM.Build.0 = Debug|ARM
		{B8A785B9-8DD3-4147-B932-6E618CCDE1B3}.Debug|ARM.Deploy.0 = Debug|ARM
		{B8A785B9-8DD3-4147-B932-6E618CCDE1B3}.Debug|ARM64.ActiveCfg = Debug|ARM64
		{B8A785B9-8DD3-4147-B932-6E618CCDE1B3}.Debug|ARM64.Build.0 = Debug|ARM64
		{B8A785B9-8DD3-4147-B932-6E618CCDE1B3}.Debug|ARM64.Deploy.0 = Debug|ARM64
		{B8A785B9-8DD3-4147-B932-6E618CCDE1B3}.Debug|x64.ActiveCfg = Debug|x64
		{B8A785B9-8DD3-4147-B932-6E618CCDE1B3}.Debug|x64.Build.0 = Debug|x64
		{B8A785B9-8DD3-4147-B932-6E618CCDE1B3}.Debug|x64.Deploy.0 = Debug|x64
		{B8A785B9-8DD3-4147-B932-6E618CCDE1B3}.Debug|x86.ActiveCfg = Debug|Win32
		{B8A785B9-8DD3-4147-B932-6E618CCDE1B3}.Debug|x86.Build.0 = Debug|Win32
		{B8A785B9-8DD3-4147-B932-6E618CCDE1B3}.Debug|x86.Deploy.0 = Debug|Win32
		{B8A785B9-8DD3-4147-B932-6E618CCDE1B3}.Release|ARM.ActiveCfg = Release|ARM
		{B8A785B9-8DD3-4147-B932-6E618CCDE1B3}.Release|ARM.Build.0 = Release|ARM
		{B8A785B9-8DD3-4147-B932-6E618CCDE1B3}.Release|ARM.Deploy.0 = Release|ARM
		{B8A785B9-8DD3-4147-B932-6E618CCDE1B3}.Release|ARM64.ActiveCfg = Release|ARM64
		{B8A785B9-8DD3-4147-B932-6E618CCDE1B3}.Release|ARM64.Build.0 = Release|ARM64
		{B8A785B9-8DD3-4147-B932-6E618CCDE1B3}.Release|ARM64.Deploy.0 = Release|ARM64
		{B8A785B9-8DD3-4147-B932-6E618CCDE1B3}.Release|x64.ActiveCfg = Release|x64
		{B8A785B9-8DD3-4147-B932-6E618CCDE1B3}.Release|x64.Build.0 = Release|x64
		{B8A785B9-8DD3-4147-B932-6E618CCDE1B3}.Release|x64.Deploy.0 = Release|x64
		{B8A785B9-8DD3-4147-B932-6E618CCDE1B3}.Release|x86.ActiveCfg = Release|Win32
		{B8A785B9-8DD3-4147-B932-6E618CCDE1B3}.Release|x86.Build.0 = Release|Win32
		{B8A785B9-8DD3-4147-B932-6E618CCDE1B3}.Release|x86.Deploy.0 = Release|Win32
	EndGlobalSection
	GlobalSection(SolutionProperties) = preSolution
		HideSolutionNode = FALSE
	EndGlobalSection
	GlobalSection(ExtensibilityGlobals) = postSolution
		SolutionGuid = {6865210F-3595-4E2A-97C5-4C64A20CF64B}
	EndGlobalSection
EndGlobal
