
Microsoft Visual Studio Solution File, Format Version 12.00
# Visual Studio Version 16
VisualStudioVersion = 16.0.30406.217
MinimumVisualStudioVersion = 10.0.40219.1
Project("{8BC9CEB8-8B4A-11D0-8D11-00A0C91BC942}") = "HV3DDUALITY", "HV3DDUALITY.vcxproj", "{11FA6E12-D2D3-4995-A4F9-A12348064153}"
EndProject
Project("{8BC9CEB8-8B4A-11D0-8D11-00A0C91BC942}") = "IHV3DGPU", "..\IHV3DGPU\IHV3DGPU.vcxproj", "{471D6EDF-27A8-402C-859F-C0D1336067AE}"
EndProject
Project("{8BC9CEB8-8B4A-11D0-8D11-00A0C91BC942}") = "IHV3DDBMS", "..\IHV3DDBMS\IHV3DDBMS.vcxproj", "{73AF37F5-5E05-43C5-BFD0-16F697551DD6}"
EndProject
Project("{8BC9CEB8-8B4A-11D0-8D11-00A0C91BC942}") = "IHV3DSERVERRT", "..\IHV3DSERVERRT\IHV3DSERVERRT.vcxproj", "{6FA236DA-758D-49A1-B514-62C687B3E617}"
EndProject
Project("{8BC9CEB8-8B4A-11D0-8D11-00A0C91BC942}") = "HV3DPARAGRINE", "..\HV3DPARAGRINE\HV3DPARAGRINE.vcxproj", "{26891A88-D865-4677-BCDB-163B5E5E318E}"
EndProject
Project("{8BC9CEB8-8B4A-11D0-8D11-00A0C91BC942}") = "HV3DMYSQLSTD", "..\HV3DMYSQLSTD\HV3DMYSQLSTD.vcxproj", "{2722DF59-403A-4A17-B6B3-299E75BD410A}"
EndProject
Project("{8BC9CEB8-8B4A-11D0-8D11-00A0C91BC942}") = "HV3DMRPCM", "..\HV3DMRPCM\HV3DMRPCM.vcxproj", "{B5B685E7-4774-41DE-A3FA-AA84E5C127AA}"
EndProject
Project("{8BC9CEB8-8B4A-11D0-8D11-00A0C91BC942}") = "HV3DMPU", "..\HV3DMPU\HV3DMPU.vcxproj", "{6EF3F8A2-BDAD-4BD6-9F8C-DEC370751353}"
EndProject
Global
	GlobalSection(SolutionConfigurationPlatforms) = preSolution
		Debug|ARM = Debug|ARM
		Debug|ARM64 = Debug|ARM64
		Debug|x64 = Debug|x64
		Debug|x86 = Debug|x86
		Release|ARM = Release|ARM
		Release|ARM64 = Release|ARM64
		Release|x64 = Release|x64
		Release|x86 = Release|x86
	EndGlobalSection
	GlobalSection(ProjectConfigurationPlatforms) = postSolution
		{11FA6E12-D2D3-4995-A4F9-A12348064153}.Debug|ARM.ActiveCfg = Debug|ARM
		{11FA6E12-D2D3-4995-A4F9-A12348064153}.Debug|ARM.Build.0 = Debug|ARM
		{11FA6E12-D2D3-4995-A4F9-A12348064153}.Debug|ARM.Deploy.0 = Debug|ARM
		{11FA6E12-D2D3-4995-A4F9-A12348064153}.Debug|ARM64.ActiveCfg = Debug|ARM64
		{11FA6E12-D2D3-4995-A4F9-A12348064153}.Debug|ARM64.Build.0 = Debug|ARM64
		{11FA6E12-D2D3-4995-A4F9-A12348064153}.Debug|ARM64.Deploy.0 = Debug|ARM64
		{11FA6E12-D2D3-4995-A4F9-A12348064153}.Debug|x64.ActiveCfg = Debug|x64
		{11FA6E12-D2D3-4995-A4F9-A12348064153}.Debug|x64.Build.0 = Debug|x64
		{11FA6E12-D2D3-4995-A4F9-A12348064153}.Debug|x64.Deploy.0 = Debug|x64
		{11FA6E12-D2D3-4995-A4F9-A12348064153}.Debug|x86.ActiveCfg = Debug|Win32
		{11FA6E12-D2D3-4995-A4F9-A12348064153}.Debug|x86.Build.0 = Debug|Win32
		{11FA6E12-D2D3-4995-A4F9-A12348064153}.Debug|x86.Deploy.0 = Debug|Win32
		{11FA6E12-D2D3-4995-A4F9-A12348064153}.Release|ARM.ActiveCfg = Release|ARM
		{11FA6E12-D2D3-4995-A4F9-A12348064153}.Release|ARM.Build.0 = Release|ARM
		{11FA6E12-D2D3-4995-A4F9-A12348064153}.Release|ARM.Deploy.0 = Release|ARM
		{11FA6E12-D2D3-4995-A4F9-A12348064153}.Release|ARM64.ActiveCfg = Release|ARM64
		{11FA6E12-D2D3-4995-A4F9-A12348064153}.Release|ARM64.Build.0 = Release|ARM64
		{11FA6E12-D2D3-4995-A4F9-A12348064153}.Release|ARM64.Deploy.0 = Release|ARM64
		{11FA6E12-D2D3-4995-A4F9-A12348064153}.Release|x64.ActiveCfg = Release|x64
		{11FA6E12-D2D3-4995-A4F9-A12348064153}.Release|x64.Build.0 = Release|x64
		{11FA6E12-D2D3-4995-A4F9-A12348064153}.Release|x64.Deploy.0 = Release|x64
		{11FA6E12-D2D3-4995-A4F9-A12348064153}.Release|x86.ActiveCfg = Release|Win32
		{11FA6E12-D2D3-4995-A4F9-A12348064153}.Release|x86.Build.0 = Release|Win32
		{11FA6E12-D2D3-4995-A4F9-A12348064153}.Release|x86.Deploy.0 = Release|Win32
		{471D6EDF-27A8-402C-859F-C0D1336067AE}.Debug|ARM.ActiveCfg = Debug|Win32
		{471D6EDF-27A8-402C-859F-C0D1336067AE}.Debug|ARM64.ActiveCfg = Debug|Win32
		{471D6EDF-27A8-402C-859F-C0D1336067AE}.Debug|x64.ActiveCfg = Debug|x64
		{471D6EDF-27A8-402C-859F-C0D1336067AE}.Debug|x64.Build.0 = Debug|x64
		{471D6EDF-27A8-402C-859F-C0D1336067AE}.Debug|x86.ActiveCfg = Debug|Win32
		{471D6EDF-27A8-402C-859F-C0D1336067AE}.Debug|x86.Build.0 = Debug|Win32
		{471D6EDF-27A8-402C-859F-C0D1336067AE}.Release|ARM.ActiveCfg = Release|Win32
		{471D6EDF-27A8-402C-859F-C0D1336067AE}.Release|ARM64.ActiveCfg = Release|Win32
		{471D6EDF-27A8-402C-859F-C0D1336067AE}.Release|x64.ActiveCfg = Release|x64
		{471D6EDF-27A8-402C-859F-C0D1336067AE}.Release|x64.Build.0 = Release|x64
		{471D6EDF-27A8-402C-859F-C0D1336067AE}.Release|x86.ActiveCfg = Release|Win32
		{471D6EDF-27A8-402C-859F-C0D1336067AE}.Release|x86.Build.0 = Release|Win32
		{73AF37F5-5E05-43C5-BFD0-16F697551DD6}.Debug|ARM.ActiveCfg = Debug|Win32
		{73AF37F5-5E05-43C5-BFD0-16F697551DD6}.Debug|ARM64.ActiveCfg = Debug|Win32
		{73AF37F5-5E05-43C5-BFD0-16F697551DD6}.Debug|x64.ActiveCfg = Debug|x64
		{73AF37F5-5E05-43C5-BFD0-16F697551DD6}.Debug|x64.Build.0 = Debug|x64
		{73AF37F5-5E05-43C5-BFD0-16F697551DD6}.Debug|x86.ActiveCfg = Debug|Win32
		{73AF37F5-5E05-43C5-BFD0-16F697551DD6}.Debug|x86.Build.0 = Debug|Win32
		{73AF37F5-5E05-43C5-BFD0-16F697551DD6}.Release|ARM.ActiveCfg = Release|Win32
		{73AF37F5-5E05-43C5-BFD0-16F697551DD6}.Release|ARM64.ActiveCfg = Release|Win32
		{73AF37F5-5E05-43C5-BFD0-16F697551DD6}.Release|x64.ActiveCfg = Release|x64
		{73AF37F5-5E05-43C5-BFD0-16F697551DD6}.Release|x64.Build.0 = Release|x64
		{73AF37F5-5E05-43C5-BFD0-16F697551DD6}.Release|x86.ActiveCfg = Release|Win32
		{73AF37F5-5E05-43C5-BFD0-16F697551DD6}.Release|x86.Build.0 = Release|Win32
		{6FA236DA-758D-49A1-B514-62C687B3E617}.Debug|ARM.ActiveCfg = Debug|Win32
		{6FA236DA-758D-49A1-B514-62C687B3E617}.Debug|ARM64.ActiveCfg = Debug|Win32
		{6FA236DA-758D-49A1-B514-62C687B3E617}.Debug|x64.ActiveCfg = Debug|x64
		{6FA236DA-758D-49A1-B514-62C687B3E617}.Debug|x64.Build.0 = Debug|x64
		{6FA236DA-758D-49A1-B514-62C687B3E617}.Debug|x86.ActiveCfg = Debug|Win32
		{6FA236DA-758D-49A1-B514-62C687B3E617}.Debug|x86.Build.0 = Debug|Win32
		{6FA236DA-758D-49A1-B514-62C687B3E617}.Release|ARM.ActiveCfg = Release|Win32
		{6FA236DA-758D-49A1-B514-62C687B3E617}.Release|ARM64.ActiveCfg = Release|Win32
		{6FA236DA-758D-49A1-B514-62C687B3E617}.Release|x64.ActiveCfg = Release|x64
		{6FA236DA-758D-49A1-B514-62C687B3E617}.Release|x64.Build.0 = Release|x64
		{6FA236DA-758D-49A1-B514-62C687B3E617}.Release|x86.ActiveCfg = Release|Win32
		{6FA236DA-758D-49A1-B514-62C687B3E617}.Release|x86.Build.0 = Release|Win32
		{26891A88-D865-4677-BCDB-163B5E5E318E}.Debug|ARM.ActiveCfg = Debug|ARM
		{26891A88-D865-4677-BCDB-163B5E5E318E}.Debug|ARM.Build.0 = Debug|ARM
		{26891A88-D865-4677-BCDB-163B5E5E318E}.Debug|ARM64.ActiveCfg = Debug|ARM64
		{26891A88-D865-4677-BCDB-163B5E5E318E}.Debug|ARM64.Build.0 = Debug|ARM64
		{26891A88-D865-4677-BCDB-163B5E5E318E}.Debug|x64.ActiveCfg = Debug|x64
		{26891A88-D865-4677-BCDB-163B5E5E318E}.Debug|x64.Build.0 = Debug|x64
		{26891A88-D865-4677-BCDB-163B5E5E318E}.Debug|x86.ActiveCfg = Debug|Win32
		{26891A88-D865-4677-BCDB-163B5E5E318E}.Debug|x86.Build.0 = Debug|Win32
		{26891A88-D865-4677-BCDB-163B5E5E318E}.Release|ARM.ActiveCfg = Release|ARM
		{26891A88-D865-4677-BCDB-163B5E5E318E}.Release|ARM.Build.0 = Release|ARM
		{26891A88-D865-4677-BCDB-163B5E5E318E}.Release|ARM64.ActiveCfg = Release|ARM64
		{26891A88-D865-4677-BCDB-163B5E5E318E}.Release|ARM64.Build.0 = Release|ARM64
		{26891A88-D865-4677-BCDB-163B5E5E318E}.Release|x64.ActiveCfg = Release|x64
		{26891A88-D865-4677-BCDB-163B5E5E318E}.Release|x64.Build.0 = Release|x64
		{26891A88-D865-4677-BCDB-163B5E5E318E}.Release|x86.ActiveCfg = Release|Win32
		{26891A88-D865-4677-BCDB-163B5E5E318E}.Release|x86.Build.0 = Release|Win32
		{2722DF59-403A-4A17-B6B3-299E75BD410A}.Debug|ARM.ActiveCfg = Debug|ARM
		{2722DF59-403A-4A17-B6B3-299E75BD410A}.Debug|ARM.Build.0 = Debug|ARM
		{2722DF59-403A-4A17-B6B3-299E75BD410A}.Debug|ARM64.ActiveCfg = Debug|ARM64
		{2722DF59-403A-4A17-B6B3-299E75BD410A}.Debug|ARM64.Build.0 = Debug|ARM64
		{2722DF59-403A-4A17-B6B3-299E75BD410A}.Debug|x64.ActiveCfg = Debug|x64
		{2722DF59-403A-4A17-B6B3-299E75BD410A}.Debug|x64.Build.0 = Debug|x64
		{2722DF59-403A-4A17-B6B3-299E75BD410A}.Debug|x86.ActiveCfg = Debug|Win32
		{2722DF59-403A-4A17-B6B3-299E75BD410A}.Debug|x86.Build.0 = Debug|Win32
		{2722DF59-403A-4A17-B6B3-299E75BD410A}.Release|ARM.ActiveCfg = Release|ARM
		{2722DF59-403A-4A17-B6B3-299E75BD410A}.Release|ARM.Build.0 = Release|ARM
		{2722DF59-403A-4A17-B6B3-299E75BD410A}.Release|ARM64.ActiveCfg = Release|ARM64
		{2722DF59-403A-4A17-B6B3-299E75BD410A}.Release|ARM64.Build.0 = Release|ARM64
		{2722DF59-403A-4A17-B6B3-299E75BD410A}.Release|x64.ActiveCfg = Release|x64
		{2722DF59-403A-4A17-B6B3-299E75BD410A}.Release|x64.Build.0 = Release|x64
		{2722DF59-403A-4A17-B6B3-299E75BD410A}.Release|x86.ActiveCfg = Release|Win32
		{2722DF59-403A-4A17-B6B3-299E75BD410A}.Release|x86.Build.0 = Release|Win32
		{B5B685E7-4774-41DE-A3FA-AA84E5C127AA}.Debug|ARM.ActiveCfg = Debug|ARM
		{B5B685E7-4774-41DE-A3FA-AA84E5C127AA}.Debug|ARM.Build.0 = Debug|ARM
		{B5B685E7-4774-41DE-A3FA-AA84E5C127AA}.Debug|ARM64.ActiveCfg = Debug|ARM64
		{B5B685E7-4774-41DE-A3FA-AA84E5C127AA}.Debug|ARM64.Build.0 = Debug|ARM64
		{B5B685E7-4774-41DE-A3FA-AA84E5C127AA}.Debug|x64.ActiveCfg = Debug|x64
		{B5B685E7-4774-41DE-A3FA-AA84E5C127AA}.Debug|x64.Build.0 = Debug|x64
		{B5B685E7-4774-41DE-A3FA-AA84E5C127AA}.Debug|x86.ActiveCfg = Debug|Win32
		{B5B685E7-4774-41DE-A3FA-AA84E5C127AA}.Debug|x86.Build.0 = Debug|Win32
		{B5B685E7-4774-41DE-A3FA-AA84E5C127AA}.Release|ARM.ActiveCfg = Release|ARM
		{B5B685E7-4774-41DE-A3FA-AA84E5C127AA}.Release|ARM.Build.0 = Release|ARM
		{B5B685E7-4774-41DE-A3FA-AA84E5C127AA}.Release|ARM64.ActiveCfg = Release|ARM64
		{B5B685E7-4774-41DE-A3FA-AA84E5C127AA}.Release|ARM64.Build.0 = Release|ARM64
		{B5B685E7-4774-41DE-A3FA-AA84E5C127AA}.Release|x64.ActiveCfg = Release|x64
		{B5B685E7-4774-41DE-A3FA-AA84E5C127AA}.Release|x64.Build.0 = Release|x64
		{B5B685E7-4774-41DE-A3FA-AA84E5C127AA}.Release|x86.ActiveCfg = Release|Win32
		{B5B685E7-4774-41DE-A3FA-AA84E5C127AA}.Release|x86.Build.0 = Release|Win32
		{6EF3F8A2-BDAD-4BD6-9F8C-DEC370751353}.Debug|ARM.ActiveCfg = Debug|ARM
		{6EF3F8A2-BDAD-4BD6-9F8C-DEC370751353}.Debug|ARM.Build.0 = Debug|ARM
		{6EF3F8A2-BDAD-4BD6-9F8C-DEC370751353}.Debug|ARM64.ActiveCfg = Debug|ARM64
		{6EF3F8A2-BDAD-4BD6-9F8C-DEC370751353}.Debug|ARM64.Build.0 = Debug|ARM64
		{6EF3F8A2-BDAD-4BD6-9F8C-DEC370751353}.Debug|x64.ActiveCfg = Debug|x64
		{6EF3F8A2-BDAD-4BD6-9F8C-DEC370751353}.Debug|x64.Build.0 = Debug|x64
		{6EF3F8A2-BDAD-4BD6-9F8C-DEC370751353}.Debug|x86.ActiveCfg = Debug|Win32
		{6EF3F8A2-BDAD-4BD6-9F8C-DEC370751353}.Debug|x86.Build.0 = Debug|Win32
		{6EF3F8A2-BDAD-4BD6-9F8C-DEC370751353}.Release|ARM.ActiveCfg = Release|ARM
		{6EF3F8A2-BDAD-4BD6-9F8C-DEC370751353}.Release|ARM.Build.0 = Release|ARM
		{6EF3F8A2-BDAD-4BD6-9F8C-DEC370751353}.Release|ARM64.ActiveCfg = Release|ARM64
		{6EF3F8A2-BDAD-4BD6-9F8C-DEC370751353}.Release|ARM64.Build.0 = Release|ARM64
		{6EF3F8A2-BDAD-4BD6-9F8C-DEC370751353}.Release|x64.ActiveCfg = Release|x64
		{6EF3F8A2-BDAD-4BD6-9F8C-DEC370751353}.Release|x64.Build.0 = Release|x64
		{6EF3F8A2-BDAD-4BD6-9F8C-DEC370751353}.Release|x86.ActiveCfg = Release|Win32
		{6EF3F8A2-BDAD-4BD6-9F8C-DEC370751353}.Release|x86.Build.0 = Release|Win32
	EndGlobalSection
	GlobalSection(SolutionProperties) = preSolution
		HideSolutionNode = FALSE
	EndGlobalSection
	GlobalSection(ExtensibilityGlobals) = postSolution
		SolutionGuid = {6865210F-3595-4E2A-97C5-4C64A20CF64B}
	EndGlobalSection
EndGlobal
