<?xml version="1.0" encoding="utf-8"?>
<Project ToolsVersion="15.0" xmlns="http://schemas.microsoft.com/developer/msbuild/2003">
  <ItemGroup>
    <Filter Include="Resources">
      <UniqueIdentifier>accd3aa8-1ba0-4223-9bbe-0c431709210b</UniqueIdentifier>
      <Extensions>rc;ico;cur;bmp;dlg;rc2;rct;bin;rgs;gif;jpg;jpeg;jpe;resx;tga;tiff;tif;png;wav;mfcribbon-ms</Extensions>
    </Filter>
    <Filter Include="Generated Files">
      <UniqueIdentifier>{926ab91d-31b4-48c3-b9a4-e681349f27f0}</UniqueIdentifier>
    </Filter>
    <Filter Include="Project">
      <UniqueIdentifier>{8f9ace65-4606-4a5d-a4e1-eb3ac3d8d5fa}</UniqueIdentifier>
    </Filter>
    <Filter Include="cpp">
      <UniqueIdentifier>{88511899-76cf-4dab-b2d3-6e51163732f6}</UniqueIdentifier>
    </Filter>
    <Filter Include="hpp">
      <UniqueIdentifier>{9cdabaab-e3df-4689-ab7c-e8980ce16a9d}</UniqueIdentifier>
    </Filter>
  </ItemGroup>
  <ItemGroup>
    <ClCompile Include="Class.cpp" />
    <ClCompile Include="$(GeneratedFilesDir)module.g.cpp">
      <Filter>Project</Filter>
    </ClCompile>
    <ClCompile Include="pch.cpp">
      <Filter>Project</Filter>
    </ClCompile>
  </ItemGroup>
  <ItemGroup>
    <None Include="HV3DMYSQLSTD.def">
      <Filter>Project</Filter>
    </None>
    <None Include="packages.config">
      <Filter>Project</Filter>
    </None>
    <None Include="PropertySheet.props">
      <Filter>Project</Filter>
    </None>
  </ItemGroup>
  <ItemGroup>
    <Midl Include="HV3DMYSQLSTD.idl">
      <Filter>Project</Filter>
    </Midl>
  </ItemGroup>
  <ItemGroup>
    <ClInclude Include="pch.h">
      <Filter>Project</Filter>
    </ClInclude>
  </ItemGroup>
  <ItemGroup>
    <Text Include="readme.txt">
      <Filter>Project</Filter>
    </Text>
  </ItemGroup>
</Project>